
Microsoft Visual Studio Solution File, Format Version 12.00
# Visual Studio Version 17
VisualStudioVersion = 17.6.33815.320
MinimumVisualStudioVersion = 10.0.40219.1
Project("{FAE04EC0-301F-11D3-BF4B-00C04F79EFBC}") = "ConsultaAlum-Alvaro-WebAPI", "ConsultaAlum-Alvaro-WebAPI.csproj", "{0222CF2D-AF2F-4D63-94C8-5BE55E3D6EAE}"
EndProject
Global
	GlobalSection(SolutionConfigurationPlatforms) = preSolution
		Debug|Any CPU = Debug|Any CPU
		Release|Any CPU = Release|Any CPU
	EndGlobalSection
	GlobalSection(ProjectConfigurationPlatforms) = postSolution
		{0222CF2D-AF2F-4D63-94C8-5BE55E3D6EAE}.Debug|Any CPU.ActiveCfg = Debug|Any CPU
		{0222CF2D-AF2F-4D63-94C8-5BE55E3D6EAE}.Debug|Any CPU.Build.0 = Debug|Any CPU
		{0222CF2D-AF2F-4D63-94C8-5BE55E3D6EAE}.Release|Any CPU.ActiveCfg = Release|Any CPU
		{0222CF2D-AF2F-4D63-94C8-5BE55E3D6EAE}.Release|Any CPU.Build.0 = Release|Any CPU
	EndGlobalSection
	GlobalSection(SolutionProperties) = preSolution
		HideSolutionNode = FALSE
	EndGlobalSection
	GlobalSection(ExtensibilityGlobals) = postSolution
		SolutionGuid = {0A2995C6-0398-4878-9F89-5055795D3DD0}
	EndGlobalSection
EndGlobal
